
Microsoft Visual Studio Solution File, Format Version 12.00
# Visual Studio Version 17
VisualStudioVersion = 17.0.31903.59
MinimumVisualStudioVersion = 10.0.40219.1
Project("{2150E333-8FDC-42A3-9474-1A3956D46DE8}") = "src", "src", "{827E0CD3-B72D-47B6-A68D-7590B98EB39B}"
EndProject
Project("{FAE04EC0-301F-11D3-BF4B-00C04F79EFBC}") = "SupplierDelivery.Domain", "src\SupplierDelivery.Domain\SupplierDelivery.Domain.csproj", "{92A14C2D-8C82-4913-9FF4-4DE3486A0629}"
EndProject
Project("{FAE04EC0-301F-11D3-BF4B-00C04F79EFBC}") = "SupplierDelivery.Producer.Api", "src\SupplierDelivery.Producer.Api\SupplierDelivery.Producer.Api.csproj", "{D4896C8D-2BF5-4114-B2C3-1159A2EA25B5}"
EndProject
Project("{FAE04EC0-301F-11D3-BF4B-00C04F79EFBC}") = "SupplierDelivery.Consumer.Worker", "src\SupplierDelivery.Consumer.Worker\SupplierDelivery.Consumer.Worker.csproj", "{51C6D97C-6F06-488E-935E-C10E2136E5E5}"
EndProject
Global
	GlobalSection(SolutionConfigurationPlatforms) = preSolution
		Debug|Any CPU = Debug|Any CPU
		Debug|x64 = Debug|x64
		Debug|x86 = Debug|x86
		Release|Any CPU = Release|Any CPU
		Release|x64 = Release|x64
		Release|x86 = Release|x86
	EndGlobalSection
	GlobalSection(ProjectConfigurationPlatforms) = postSolution
		{92A14C2D-8C82-4913-9FF4-4DE3486A0629}.Debug|Any CPU.ActiveCfg = Debug|Any CPU
		{92A14C2D-8C82-4913-9FF4-4DE3486A0629}.Debug|Any CPU.Build.0 = Debug|Any CPU
		{92A14C2D-8C82-4913-9FF4-4DE3486A0629}.Debug|x64.ActiveCfg = Debug|Any CPU
		{92A14C2D-8C82-4913-9FF4-4DE3486A0629}.Debug|x64.Build.0 = Debug|Any CPU
		{92A14C2D-8C82-4913-9FF4-4DE3486A0629}.Debug|x86.ActiveCfg = Debug|Any CPU
		{92A14C2D-8C82-4913-9FF4-4DE3486A0629}.Debug|x86.Build.0 = Debug|Any CPU
		{92A14C2D-8C82-4913-9FF4-4DE3486A0629}.Release|Any CPU.ActiveCfg = Release|Any CPU
		{92A14C2D-8C82-4913-9FF4-4DE3486A0629}.Release|Any CPU.Build.0 = Release|Any CPU
		{92A14C2D-8C82-4913-9FF4-4DE3486A0629}.Release|x64.ActiveCfg = Release|Any CPU
		{92A14C2D-8C82-4913-9FF4-4DE3486A0629}.Release|x64.Build.0 = Release|Any CPU
		{92A14C2D-8C82-4913-9FF4-4DE3486A0629}.Release|x86.ActiveCfg = Release|Any CPU
		{92A14C2D-8C82-4913-9FF4-4DE3486A0629}.Release|x86.Build.0 = Release|Any CPU
		{D4896C8D-2BF5-4114-B2C3-1159A2EA25B5}.Debug|Any CPU.ActiveCfg = Debug|Any CPU
		{D4896C8D-2BF5-4114-B2C3-1159A2EA25B5}.Debug|Any CPU.Build.0 = Debug|Any CPU
		{D4896C8D-2BF5-4114-B2C3-1159A2EA25B5}.Debug|x64.ActiveCfg = Debug|Any CPU
		{D4896C8D-2BF5-4114-B2C3-1159A2EA25B5}.Debug|x64.Build.0 = Debug|Any CPU
		{D4896C8D-2BF5-4114-B2C3-1159A2EA25B5}.Debug|x86.ActiveCfg = Debug|Any CPU
		{D4896C8D-2BF5-4114-B2C3-1159A2EA25B5}.Debug|x86.Build.0 = Debug|Any CPU
		{D4896C8D-2BF5-4114-B2C3-1159A2EA25B5}.Release|Any CPU.ActiveCfg = Release|Any CPU
		{D4896C8D-2BF5-4114-B2C3-1159A2EA25B5}.Release|Any CPU.Build.0 = Release|Any CPU
		{D4896C8D-2BF5-4114-B2C3-1159A2EA25B5}.Release|x64.ActiveCfg = Release|Any CPU
		{D4896C8D-2BF5-4114-B2C3-1159A2EA25B5}.Release|x64.Build.0 = Release|Any CPU
		{D4896C8D-2BF5-4114-B2C3-1159A2EA25B5}.Release|x86.ActiveCfg = Release|Any CPU
		{D4896C8D-2BF5-4114-B2C3-1159A2EA25B5}.Release|x86.Build.0 = Release|Any CPU
		{51C6D97C-6F06-488E-935E-C10E2136E5E5}.Debug|Any CPU.ActiveCfg = Debug|Any CPU
		{51C6D97C-6F06-488E-935E-C10E2136E5E5}.Debug|Any CPU.Build.0 = Debug|Any CPU
		{51C6D97C-6F06-488E-935E-C10E2136E5E5}.Debug|x64.ActiveCfg = Debug|Any CPU
		{51C6D97C-6F06-488E-935E-C10E2136E5E5}.Debug|x64.Build.0 = Debug|Any CPU
		{51C6D97C-6F06-488E-935E-C10E2136E5E5}.Debug|x86.ActiveCfg = Debug|Any CPU
		{51C6D97C-6F06-488E-935E-C10E2136E5E5}.Debug|x86.Build.0 = Debug|Any CPU
		{51C6D97C-6F06-488E-935E-C10E2136E5E5}.Release|Any CPU.ActiveCfg = Release|Any CPU
		{51C6D97C-6F06-488E-935E-C10E2136E5E5}.Release|Any CPU.Build.0 = Release|Any CPU
		{51C6D97C-6F06-488E-935E-C10E2136E5E5}.Release|x64.ActiveCfg = Release|Any CPU
		{51C6D97C-6F06-488E-935E-C10E2136E5E5}.Release|x64.Build.0 = Release|Any CPU
		{51C6D97C-6F06-488E-935E-C10E2136E5E5}.Release|x86.ActiveCfg = Release|Any CPU
		{51C6D97C-6F06-488E-935E-C10E2136E5E5}.Release|x86.Build.0 = Release|Any CPU
	EndGlobalSection
	GlobalSection(SolutionProperties) = preSolution
		HideSolutionNode = FALSE
	EndGlobalSection
	GlobalSection(NestedProjects) = preSolution
		{92A14C2D-8C82-4913-9FF4-4DE3486A0629} = {827E0CD3-B72D-47B6-A68D-7590B98EB39B}
		{D4896C8D-2BF5-4114-B2C3-1159A2EA25B5} = {827E0CD3-B72D-47B6-A68D-7590B98EB39B}
		{51C6D97C-6F06-488E-935E-C10E2136E5E5} = {827E0CD3-B72D-47B6-A68D-7590B98EB39B}
	EndGlobalSection
EndGlobal
